
Microsoft Visual Studio Solution File, Format Version 12.00
# Visual Studio Version 17
VisualStudioVersion = 17.9.34321.82
MinimumVisualStudioVersion = 10.0.40219.1
Project("{9A19103F-16F7-4668-BE54-9A1E7A4F7556}") = "01", "01\01.csproj", "{7AD31B95-368D-4948-B871-7FAD33341AB3}"
EndProject
Project("{9A19103F-16F7-4668-BE54-9A1E7A4F7556}") = "02", "02\02.csproj", "{0B2BB5B5-6B49-47EB-BE55-94E58475162C}"
EndProject
Project("{9A19103F-16F7-4668-BE54-9A1E7A4F7556}") = "03", "03\03.csproj", "{F5D1FD00-C564-4869-BA78-0F59FD291FD0}"
EndProject
Project("{9A19103F-16F7-4668-BE54-9A1E7A4F7556}") = "04", "04\04.csproj", "{CEB95564-9A8A-4C39-84E1-B8D57D5A8ED4}"
EndProject
Project("{9A19103F-16F7-4668-BE54-9A1E7A4F7556}") = "05", "05\05.csproj", "{06CFAA50-41DF-4873-86DA-137BEF666C5A}"
EndProject
Project("{FAE04EC0-301F-11D3-BF4B-00C04F79EFBC}") = "06", "06\06.csproj", "{FC53EBD9-F454-44A4-998E-1998E92C6067}"
EndProject
Global
	GlobalSection(SolutionConfigurationPlatforms) = preSolution
		Debug|Any CPU = Debug|Any CPU
		Release|Any CPU = Release|Any CPU
	EndGlobalSection
	GlobalSection(ProjectConfigurationPlatforms) = postSolution
		{7AD31B95-368D-4948-B871-7FAD33341AB3}.Debug|Any CPU.ActiveCfg = Debug|Any CPU
		{7AD31B95-368D-4948-B871-7FAD33341AB3}.Debug|Any CPU.Build.0 = Debug|Any CPU
		{7AD31B95-368D-4948-B871-7FAD33341AB3}.Release|Any CPU.ActiveCfg = Release|Any CPU
		{7AD31B95-368D-4948-B871-7FAD33341AB3}.Release|Any CPU.Build.0 = Release|Any CPU
		{0B2BB5B5-6B49-47EB-BE55-94E58475162C}.Debug|Any CPU.ActiveCfg = Debug|Any CPU
		{0B2BB5B5-6B49-47EB-BE55-94E58475162C}.Debug|Any CPU.Build.0 = Debug|Any CPU
		{0B2BB5B5-6B49-47EB-BE55-94E58475162C}.Release|Any CPU.ActiveCfg = Release|Any CPU
		{0B2BB5B5-6B49-47EB-BE55-94E58475162C}.Release|Any CPU.Build.0 = Release|Any CPU
		{F5D1FD00-C564-4869-BA78-0F59FD291FD0}.Debug|Any CPU.ActiveCfg = Debug|Any CPU
		{F5D1FD00-C564-4869-BA78-0F59FD291FD0}.Debug|Any CPU.Build.0 = Debug|Any CPU
		{F5D1FD00-C564-4869-BA78-0F59FD291FD0}.Release|Any CPU.ActiveCfg = Release|Any CPU
		{F5D1FD00-C564-4869-BA78-0F59FD291FD0}.Release|Any CPU.Build.0 = Release|Any CPU
		{CEB95564-9A8A-4C39-84E1-B8D57D5A8ED4}.Debug|Any CPU.ActiveCfg = Debug|Any CPU
		{CEB95564-9A8A-4C39-84E1-B8D57D5A8ED4}.Debug|Any CPU.Build.0 = Debug|Any CPU
		{CEB95564-9A8A-4C39-84E1-B8D57D5A8ED4}.Release|Any CPU.ActiveCfg = Release|Any CPU
		{CEB95564-9A8A-4C39-84E1-B8D57D5A8ED4}.Release|Any CPU.Build.0 = Release|Any CPU
		{06CFAA50-41DF-4873-86DA-137BEF666C5A}.Debug|Any CPU.ActiveCfg = Debug|Any CPU
		{06CFAA50-41DF-4873-86DA-137BEF666C5A}.Debug|Any CPU.Build.0 = Debug|Any CPU
		{06CFAA50-41DF-4873-86DA-137BEF666C5A}.Release|Any CPU.ActiveCfg = Release|Any CPU
		{06CFAA50-41DF-4873-86DA-137BEF666C5A}.Release|Any CPU.Build.0 = Release|Any CPU
		{FC53EBD9-F454-44A4-998E-1998E92C6067}.Debug|Any CPU.ActiveCfg = Debug|Any CPU
		{FC53EBD9-F454-44A4-998E-1998E92C6067}.Debug|Any CPU.Build.0 = Debug|Any CPU
		{FC53EBD9-F454-44A4-998E-1998E92C6067}.Release|Any CPU.ActiveCfg = Release|Any CPU
		{FC53EBD9-F454-44A4-998E-1998E92C6067}.Release|Any CPU.Build.0 = Release|Any CPU
	EndGlobalSection
	GlobalSection(SolutionProperties) = preSolution
		HideSolutionNode = FALSE
	EndGlobalSection
	GlobalSection(ExtensibilityGlobals) = postSolution
		SolutionGuid = {DD707C8F-DD0E-4B53-A310-D540C85E7089}
	EndGlobalSection
EndGlobal
